
Microsoft Visual Studio Solution File, Format Version 12.00
# Visual Studio 14
VisualStudioVersion = 14.0.24720.0
MinimumVisualStudioVersion = 10.0.40219.1
Project("{FAE04EC0-301F-11D3-BF4B-00C04F79EFBC}") = "skarzycki.robert.unittests.01CalcConsoleApp", "skarzycki.robert.unittests.01CalcConsoleApp\skarzycki.robert.unittests.01CalcConsoleApp.csproj", "{D04AD927-E00E-4E59-9C20-E6D1EAA61B18}"
EndProject
Project("{2150E333-8FDC-42A3-9474-1A3956D46DE8}") = "01", "01", "{9DD9BA50-D7D5-4AC3-9352-62D2223897EB}"
EndProject
Project("{FAE04EC0-301F-11D3-BF4B-00C04F79EFBC}") = "skarzycki.robert.unittests.01CalcLibraryConsoleTests", "skarzycki.robert.unittests.01CalcLibraryConsoleTests\skarzycki.robert.unittests.01CalcLibraryConsoleTests.csproj", "{837D8857-7BA3-4564-8263-41933B0A8A0E}"
EndProject
Project("{FAE04EC0-301F-11D3-BF4B-00C04F79EFBC}") = "skarzycki.robert.unittests.01CalcLibrary", "skarzycki.robert.unittests.01CalcLibrary\skarzycki.robert.unittests.01CalcLibrary.csproj", "{4E08408D-9E67-412F-9813-D33DF599265A}"
EndProject
Project("{FAE04EC0-301F-11D3-BF4B-00C04F79EFBC}") = "skarzycki.robert.unittests.01CalcLibraryNUnit", "skarzycki.robert.unittests.01CalcLibraryNUnit\skarzycki.robert.unittests.01CalcLibraryNUnit.csproj", "{6FCF0FDB-5E26-4988-95C0-47062C7D41AD}"
EndProject
Project("{FAE04EC0-301F-11D3-BF4B-00C04F79EFBC}") = "skarzycki.robert.unittests.01CalcLibraryVSTest", "skarzycki.robert.unittests.01CalcLibraryVSTest\skarzycki.robert.unittests.01CalcLibraryVSTest.csproj", "{87C16390-39C9-42F1-A157-6A434FE3B659}"
EndProject
Project("{2150E333-8FDC-42A3-9474-1A3956D46DE8}") = "02", "02", "{0C4529C3-0C91-4F4F-A626-6A0BFE405CD8}"
EndProject
Project("{FAE04EC0-301F-11D3-BF4B-00C04F79EFBC}") = "skarzycki.robert.unittests.02DaysOff", "skarzycki.robert.unittests.02DaysOff\skarzycki.robert.unittests.02DaysOff.csproj", "{DF9FC54E-8FC6-47CC-9C4D-35DBC2D4426A}"
EndProject
Project("{FAE04EC0-301F-11D3-BF4B-00C04F79EFBC}") = "skarzycki.robert.unittests.02DaysOff.Tests", "skarzycki.robert.unittests.02DaysOff.Tests\skarzycki.robert.unittests.02DaysOff.Tests.csproj", "{D99FA435-C93E-48CF-868A-775156787EC6}"
EndProject
Project("{2150E333-8FDC-42A3-9474-1A3956D46DE8}") = "Presentations", "Presentations", "{74459036-D879-479D-BF17-F76EDBDC9563}"
	ProjectSection(SolutionItems) = preProject
		Pptx\Testy jednostkowe - WAT01.pptx = Pptx\Testy jednostkowe - WAT01.pptx
		Pptx\Testy jednostkowe - WAT02.pptx = Pptx\Testy jednostkowe - WAT02.pptx
		Pptx\Testy jednostkowe - WAT03.pptx = Pptx\Testy jednostkowe - WAT03.pptx
	EndProjectSection
EndProject
Project("{2150E333-8FDC-42A3-9474-1A3956D46DE8}") = "03", "03", "{B303DB95-2785-4581-8C0A-895B6F1C75F4}"
EndProject
Project("{FAE04EC0-301F-11D3-BF4B-00C04F79EFBC}") = "skarzycki.robert.unittests.03HRSystem", "skarzycki.robert.unittests.03HRSystem\skarzycki.robert.unittests.03HRSystem.csproj", "{22E6AC22-1507-495A-903A-19D79EA887D4}"
EndProject
Project("{FAE04EC0-301F-11D3-BF4B-00C04F79EFBC}") = "skarzycki.robert.unittests.03HRSystem.Tests", "skarzycki.robert.unittests.03HRSystem.Tests\skarzycki.robert.unittests.03HRSystem.Tests.csproj", "{EBEA8CC2-0B6F-4314-87EC-E47393D2CA86}"
EndProject
Global
	GlobalSection(SolutionConfigurationPlatforms) = preSolution
		Debug|Any CPU = Debug|Any CPU
		Release|Any CPU = Release|Any CPU
	EndGlobalSection
	GlobalSection(ProjectConfigurationPlatforms) = postSolution
		{D04AD927-E00E-4E59-9C20-E6D1EAA61B18}.Debug|Any CPU.ActiveCfg = Debug|Any CPU
		{D04AD927-E00E-4E59-9C20-E6D1EAA61B18}.Debug|Any CPU.Build.0 = Debug|Any CPU
		{D04AD927-E00E-4E59-9C20-E6D1EAA61B18}.Release|Any CPU.ActiveCfg = Release|Any CPU
		{D04AD927-E00E-4E59-9C20-E6D1EAA61B18}.Release|Any CPU.Build.0 = Release|Any CPU
		{837D8857-7BA3-4564-8263-41933B0A8A0E}.Debug|Any CPU.ActiveCfg = Debug|Any CPU
		{837D8857-7BA3-4564-8263-41933B0A8A0E}.Debug|Any CPU.Build.0 = Debug|Any CPU
		{837D8857-7BA3-4564-8263-41933B0A8A0E}.Release|Any CPU.ActiveCfg = Release|Any CPU
		{837D8857-7BA3-4564-8263-41933B0A8A0E}.Release|Any CPU.Build.0 = Release|Any CPU
		{4E08408D-9E67-412F-9813-D33DF599265A}.Debug|Any CPU.ActiveCfg = Debug|Any CPU
		{4E08408D-9E67-412F-9813-D33DF599265A}.Debug|Any CPU.Build.0 = Debug|Any CPU
		{4E08408D-9E67-412F-9813-D33DF599265A}.Release|Any CPU.ActiveCfg = Release|Any CPU
		{4E08408D-9E67-412F-9813-D33DF599265A}.Release|Any CPU.Build.0 = Release|Any CPU
		{6FCF0FDB-5E26-4988-95C0-47062C7D41AD}.Debug|Any CPU.ActiveCfg = Debug|Any CPU
		{6FCF0FDB-5E26-4988-95C0-47062C7D41AD}.Debug|Any CPU.Build.0 = Debug|Any CPU
		{6FCF0FDB-5E26-4988-95C0-47062C7D41AD}.Release|Any CPU.ActiveCfg = Release|Any CPU
		{6FCF0FDB-5E26-4988-95C0-47062C7D41AD}.Release|Any CPU.Build.0 = Release|Any CPU
		{87C16390-39C9-42F1-A157-6A434FE3B659}.Debug|Any CPU.ActiveCfg = Debug|Any CPU
		{87C16390-39C9-42F1-A157-6A434FE3B659}.Debug|Any CPU.Build.0 = Debug|Any CPU
		{87C16390-39C9-42F1-A157-6A434FE3B659}.Release|Any CPU.ActiveCfg = Release|Any CPU
		{87C16390-39C9-42F1-A157-6A434FE3B659}.Release|Any CPU.Build.0 = Release|Any CPU
		{DF9FC54E-8FC6-47CC-9C4D-35DBC2D4426A}.Debug|Any CPU.ActiveCfg = Debug|Any CPU
		{DF9FC54E-8FC6-47CC-9C4D-35DBC2D4426A}.Debug|Any CPU.Build.0 = Debug|Any CPU
		{DF9FC54E-8FC6-47CC-9C4D-35DBC2D4426A}.Release|Any CPU.ActiveCfg = Release|Any CPU
		{DF9FC54E-8FC6-47CC-9C4D-35DBC2D4426A}.Release|Any CPU.Build.0 = Release|Any CPU
		{D99FA435-C93E-48CF-868A-775156787EC6}.Debug|Any CPU.ActiveCfg = Debug|Any CPU
		{D99FA435-C93E-48CF-868A-775156787EC6}.Debug|Any CPU.Build.0 = Debug|Any CPU
		{D99FA435-C93E-48CF-868A-775156787EC6}.Release|Any CPU.ActiveCfg = Release|Any CPU
		{D99FA435-C93E-48CF-868A-775156787EC6}.Release|Any CPU.Build.0 = Release|Any CPU
		{22E6AC22-1507-495A-903A-19D79EA887D4}.Debug|Any CPU.ActiveCfg = Debug|Any CPU
		{22E6AC22-1507-495A-903A-19D79EA887D4}.Debug|Any CPU.Build.0 = Debug|Any CPU
		{22E6AC22-1507-495A-903A-19D79EA887D4}.Release|Any CPU.ActiveCfg = Release|Any CPU
		{22E6AC22-1507-495A-903A-19D79EA887D4}.Release|Any CPU.Build.0 = Release|Any CPU
		{EBEA8CC2-0B6F-4314-87EC-E47393D2CA86}.Debug|Any CPU.ActiveCfg = Debug|Any CPU
		{EBEA8CC2-0B6F-4314-87EC-E47393D2CA86}.Debug|Any CPU.Build.0 = Debug|Any CPU
		{EBEA8CC2-0B6F-4314-87EC-E47393D2CA86}.Release|Any CPU.ActiveCfg = Release|Any CPU
		{EBEA8CC2-0B6F-4314-87EC-E47393D2CA86}.Release|Any CPU.Build.0 = Release|Any CPU
	EndGlobalSection
	GlobalSection(SolutionProperties) = preSolution
		HideSolutionNode = FALSE
	EndGlobalSection
	GlobalSection(NestedProjects) = preSolution
		{D04AD927-E00E-4E59-9C20-E6D1EAA61B18} = {9DD9BA50-D7D5-4AC3-9352-62D2223897EB}
		{837D8857-7BA3-4564-8263-41933B0A8A0E} = {0C4529C3-0C91-4F4F-A626-6A0BFE405CD8}
		{4E08408D-9E67-412F-9813-D33DF599265A} = {9DD9BA50-D7D5-4AC3-9352-62D2223897EB}
		{6FCF0FDB-5E26-4988-95C0-47062C7D41AD} = {0C4529C3-0C91-4F4F-A626-6A0BFE405CD8}
		{87C16390-39C9-42F1-A157-6A434FE3B659} = {0C4529C3-0C91-4F4F-A626-6A0BFE405CD8}
		{DF9FC54E-8FC6-47CC-9C4D-35DBC2D4426A} = {0C4529C3-0C91-4F4F-A626-6A0BFE405CD8}
		{D99FA435-C93E-48CF-868A-775156787EC6} = {0C4529C3-0C91-4F4F-A626-6A0BFE405CD8}
		{22E6AC22-1507-495A-903A-19D79EA887D4} = {B303DB95-2785-4581-8C0A-895B6F1C75F4}
		{EBEA8CC2-0B6F-4314-87EC-E47393D2CA86} = {B303DB95-2785-4581-8C0A-895B6F1C75F4}
	EndGlobalSection
EndGlobal
